
Microsoft Visual Studio Solution File, Format Version 12.00
# Visual Studio Version 17
VisualStudioVersion = 17.5.002.0
MinimumVisualStudioVersion = 10.0.40219.1
Project("{9A19103F-16F7-4668-BE54-9A1E7A4F7556}") = "WorkingWithSerialization", "WorkingWithSerialization\WorkingWithSerialization.csproj", "{C27212C4-08CB-4063-8B70-DBE3FD697D3C}"
EndProject
Project("{2150E333-8FDC-42A3-9474-1A3956D46DE8}") = "Libraries", "Libraries", "{EC145B79-AC7F-47C4-BA10-2105ADCD1FE9}"
EndProject
Project("{9A19103F-16F7-4668-BE54-9A1E7A4F7556}") = "2daArchlib", "Libraries\2daArchlib\2daArchlib.csproj", "{EEFC15C7-4CD4-490A-8288-D8E3E08211D2}"
EndProject
Project("{9A19103F-16F7-4668-BE54-9A1E7A4F7556}") = "classlib", "Libraries\classlib\classlib.csproj", "{ABC11839-F347-45DD-8F72-14BE8F3994F7}"
EndProject
Project("{2150E333-8FDC-42A3-9474-1A3956D46DE8}") = "OOP", "OOP", "{161056BF-C85D-4D28-A2FD-9D0A4A3F0CEA}"
EndProject
Project("{9A19103F-16F7-4668-BE54-9A1E7A4F7556}") = "PeopleApp", "OOP\PeopleApp\PeopleApp.csproj", "{08E9C16D-360F-413B-AD37-B840EFBDB175}"
EndProject
Project("{2150E333-8FDC-42A3-9474-1A3956D46DE8}") = "WorkingWithEFCore", "WorkingWithEFCore", "{D22AC424-0A74-4593-AC05-C08B24D63E91}"
EndProject
Project("{9A19103F-16F7-4668-BE54-9A1E7A4F7556}") = "WorkingWithEFCore", "WorkingWithEFCore\WorkingWithEFCore\WorkingWithEFCore.csproj", "{F5C1C091-BEB8-4ED8-B8D1-ADB18CE0BA64}"
EndProject
Project("{2150E333-8FDC-42A3-9474-1A3956D46DE8}") = "WorkingWithFilesSystem", "WorkingWithFilesSystem", "{2CE6BE88-BFE7-4A66-8D1B-53AC3411F891}"
EndProject
Project("{9A19103F-16F7-4668-BE54-9A1E7A4F7556}") = "WorkingWithFileSystem", "WorkingWithFilesSystem\WorkingWithFileSystem\WorkingWithFileSystem.csproj", "{8EFCEB67-A951-4BF1-BA6F-57003CEEBA19}"
EndProject
Project("{2150E333-8FDC-42A3-9474-1A3956D46DE8}") = "tareas", "tareas", "{06D0C8BD-31B2-40CD-A64A-134E643D769C}"
EndProject
Project("{2150E333-8FDC-42A3-9474-1A3956D46DE8}") = "1eraArch", "1eraArch", "{D685BCC0-447E-473C-8A38-F7CF541065C7}"
EndProject
Project("{9A19103F-16F7-4668-BE54-9A1E7A4F7556}") = "1eraArch", "tareas\1eraArch\1eraArch\1eraArch.csproj", "{A3500CF0-C7E7-4580-9BB9-21E62E32E98A}"
EndProject
Project("{9A19103F-16F7-4668-BE54-9A1E7A4F7556}") = "1erArchUnitTest", "tareas\1eraArch\1erArchUnitTest\1erArchUnitTest.csproj", "{2C2A3869-A457-487C-AE56-D75178327711}"
EndProject
Project("{2150E333-8FDC-42A3-9474-1A3956D46DE8}") = "2daArch", "2daArch", "{B11D777C-25D1-4743-B5C5-1DA88241BB83}"
EndProject
Project("{9A19103F-16F7-4668-BE54-9A1E7A4F7556}") = "almacenist", "tareas\2daArch\almacenist\almacenist.csproj", "{FBB259BB-D560-46A0-A2EA-A28CD09E658F}"
EndProject
Project("{9A19103F-16F7-4668-BE54-9A1E7A4F7556}") = "AlmUnitest", "tareas\2daArch\AlmUnitest\AlmUnitest.csproj", "{20E24DE8-26CD-42C5-AD10-A2BDCBFE96D4}"
EndProject
Project("{2150E333-8FDC-42A3-9474-1A3956D46DE8}") = "UnitTest", "UnitTest", "{BAC28FF7-E571-4CE4-A055-5A67B16809C7}"
EndProject
Project("{9A19103F-16F7-4668-BE54-9A1E7A4F7556}") = "LectorLib", "tareas\1eraArch\UnitTest\LectorLib\LectorLib.csproj", "{6377A938-BD36-4C9E-82C7-757D9E7CA078}"
EndProject
Project("{9A19103F-16F7-4668-BE54-9A1E7A4F7556}") = "LectorUnitTesting", "tareas\1eraArch\UnitTest\LectorUnitTesting\LectorUnitTesting.csproj", "{CA2D99CB-C00B-44B2-90B9-BDBC3079D80C}"
EndProject
Global
	GlobalSection(SolutionConfigurationPlatforms) = preSolution
		Debug|Any CPU = Debug|Any CPU
		Release|Any CPU = Release|Any CPU
	EndGlobalSection
	GlobalSection(ProjectConfigurationPlatforms) = postSolution
		{C27212C4-08CB-4063-8B70-DBE3FD697D3C}.Debug|Any CPU.ActiveCfg = Debug|Any CPU
		{C27212C4-08CB-4063-8B70-DBE3FD697D3C}.Debug|Any CPU.Build.0 = Debug|Any CPU
		{C27212C4-08CB-4063-8B70-DBE3FD697D3C}.Release|Any CPU.ActiveCfg = Release|Any CPU
		{C27212C4-08CB-4063-8B70-DBE3FD697D3C}.Release|Any CPU.Build.0 = Release|Any CPU
		{EEFC15C7-4CD4-490A-8288-D8E3E08211D2}.Debug|Any CPU.ActiveCfg = Debug|Any CPU
		{EEFC15C7-4CD4-490A-8288-D8E3E08211D2}.Debug|Any CPU.Build.0 = Debug|Any CPU
		{EEFC15C7-4CD4-490A-8288-D8E3E08211D2}.Release|Any CPU.ActiveCfg = Release|Any CPU
		{EEFC15C7-4CD4-490A-8288-D8E3E08211D2}.Release|Any CPU.Build.0 = Release|Any CPU
		{ABC11839-F347-45DD-8F72-14BE8F3994F7}.Debug|Any CPU.ActiveCfg = Debug|Any CPU
		{ABC11839-F347-45DD-8F72-14BE8F3994F7}.Debug|Any CPU.Build.0 = Debug|Any CPU
		{ABC11839-F347-45DD-8F72-14BE8F3994F7}.Release|Any CPU.ActiveCfg = Release|Any CPU
		{ABC11839-F347-45DD-8F72-14BE8F3994F7}.Release|Any CPU.Build.0 = Release|Any CPU
		{08E9C16D-360F-413B-AD37-B840EFBDB175}.Debug|Any CPU.ActiveCfg = Debug|Any CPU
		{08E9C16D-360F-413B-AD37-B840EFBDB175}.Debug|Any CPU.Build.0 = Debug|Any CPU
		{08E9C16D-360F-413B-AD37-B840EFBDB175}.Release|Any CPU.ActiveCfg = Release|Any CPU
		{08E9C16D-360F-413B-AD37-B840EFBDB175}.Release|Any CPU.Build.0 = Release|Any CPU
		{F5C1C091-BEB8-4ED8-B8D1-ADB18CE0BA64}.Debug|Any CPU.ActiveCfg = Debug|Any CPU
		{F5C1C091-BEB8-4ED8-B8D1-ADB18CE0BA64}.Debug|Any CPU.Build.0 = Debug|Any CPU
		{F5C1C091-BEB8-4ED8-B8D1-ADB18CE0BA64}.Release|Any CPU.ActiveCfg = Release|Any CPU
		{F5C1C091-BEB8-4ED8-B8D1-ADB18CE0BA64}.Release|Any CPU.Build.0 = Release|Any CPU
		{8EFCEB67-A951-4BF1-BA6F-57003CEEBA19}.Debug|Any CPU.ActiveCfg = Debug|Any CPU
		{8EFCEB67-A951-4BF1-BA6F-57003CEEBA19}.Debug|Any CPU.Build.0 = Debug|Any CPU
		{8EFCEB67-A951-4BF1-BA6F-57003CEEBA19}.Release|Any CPU.ActiveCfg = Release|Any CPU
		{8EFCEB67-A951-4BF1-BA6F-57003CEEBA19}.Release|Any CPU.Build.0 = Release|Any CPU
		{A3500CF0-C7E7-4580-9BB9-21E62E32E98A}.Debug|Any CPU.ActiveCfg = Debug|Any CPU
		{A3500CF0-C7E7-4580-9BB9-21E62E32E98A}.Debug|Any CPU.Build.0 = Debug|Any CPU
		{A3500CF0-C7E7-4580-9BB9-21E62E32E98A}.Release|Any CPU.ActiveCfg = Release|Any CPU
		{A3500CF0-C7E7-4580-9BB9-21E62E32E98A}.Release|Any CPU.Build.0 = Release|Any CPU
		{2C2A3869-A457-487C-AE56-D75178327711}.Debug|Any CPU.ActiveCfg = Debug|Any CPU
		{2C2A3869-A457-487C-AE56-D75178327711}.Debug|Any CPU.Build.0 = Debug|Any CPU
		{2C2A3869-A457-487C-AE56-D75178327711}.Release|Any CPU.ActiveCfg = Release|Any CPU
		{2C2A3869-A457-487C-AE56-D75178327711}.Release|Any CPU.Build.0 = Release|Any CPU
		{FBB259BB-D560-46A0-A2EA-A28CD09E658F}.Debug|Any CPU.ActiveCfg = Debug|Any CPU
		{FBB259BB-D560-46A0-A2EA-A28CD09E658F}.Debug|Any CPU.Build.0 = Debug|Any CPU
		{FBB259BB-D560-46A0-A2EA-A28CD09E658F}.Release|Any CPU.ActiveCfg = Release|Any CPU
		{FBB259BB-D560-46A0-A2EA-A28CD09E658F}.Release|Any CPU.Build.0 = Release|Any CPU
		{20E24DE8-26CD-42C5-AD10-A2BDCBFE96D4}.Debug|Any CPU.ActiveCfg = Debug|Any CPU
		{20E24DE8-26CD-42C5-AD10-A2BDCBFE96D4}.Debug|Any CPU.Build.0 = Debug|Any CPU
		{20E24DE8-26CD-42C5-AD10-A2BDCBFE96D4}.Release|Any CPU.ActiveCfg = Release|Any CPU
		{20E24DE8-26CD-42C5-AD10-A2BDCBFE96D4}.Release|Any CPU.Build.0 = Release|Any CPU
		{6377A938-BD36-4C9E-82C7-757D9E7CA078}.Debug|Any CPU.ActiveCfg = Debug|Any CPU
		{6377A938-BD36-4C9E-82C7-757D9E7CA078}.Debug|Any CPU.Build.0 = Debug|Any CPU
		{6377A938-BD36-4C9E-82C7-757D9E7CA078}.Release|Any CPU.ActiveCfg = Release|Any CPU
		{6377A938-BD36-4C9E-82C7-757D9E7CA078}.Release|Any CPU.Build.0 = Release|Any CPU
		{CA2D99CB-C00B-44B2-90B9-BDBC3079D80C}.Debug|Any CPU.ActiveCfg = Debug|Any CPU
		{CA2D99CB-C00B-44B2-90B9-BDBC3079D80C}.Debug|Any CPU.Build.0 = Debug|Any CPU
		{CA2D99CB-C00B-44B2-90B9-BDBC3079D80C}.Release|Any CPU.ActiveCfg = Release|Any CPU
		{CA2D99CB-C00B-44B2-90B9-BDBC3079D80C}.Release|Any CPU.Build.0 = Release|Any CPU
	EndGlobalSection
	GlobalSection(SolutionProperties) = preSolution
		HideSolutionNode = FALSE
	EndGlobalSection
	GlobalSection(NestedProjects) = preSolution
		{EEFC15C7-4CD4-490A-8288-D8E3E08211D2} = {EC145B79-AC7F-47C4-BA10-2105ADCD1FE9}
		{ABC11839-F347-45DD-8F72-14BE8F3994F7} = {EC145B79-AC7F-47C4-BA10-2105ADCD1FE9}
		{08E9C16D-360F-413B-AD37-B840EFBDB175} = {161056BF-C85D-4D28-A2FD-9D0A4A3F0CEA}
		{F5C1C091-BEB8-4ED8-B8D1-ADB18CE0BA64} = {D22AC424-0A74-4593-AC05-C08B24D63E91}
		{8EFCEB67-A951-4BF1-BA6F-57003CEEBA19} = {2CE6BE88-BFE7-4A66-8D1B-53AC3411F891}
		{D685BCC0-447E-473C-8A38-F7CF541065C7} = {06D0C8BD-31B2-40CD-A64A-134E643D769C}
		{A3500CF0-C7E7-4580-9BB9-21E62E32E98A} = {D685BCC0-447E-473C-8A38-F7CF541065C7}
		{2C2A3869-A457-487C-AE56-D75178327711} = {D685BCC0-447E-473C-8A38-F7CF541065C7}
		{B11D777C-25D1-4743-B5C5-1DA88241BB83} = {06D0C8BD-31B2-40CD-A64A-134E643D769C}
		{FBB259BB-D560-46A0-A2EA-A28CD09E658F} = {B11D777C-25D1-4743-B5C5-1DA88241BB83}
		{20E24DE8-26CD-42C5-AD10-A2BDCBFE96D4} = {B11D777C-25D1-4743-B5C5-1DA88241BB83}
		{BAC28FF7-E571-4CE4-A055-5A67B16809C7} = {D685BCC0-447E-473C-8A38-F7CF541065C7}
		{6377A938-BD36-4C9E-82C7-757D9E7CA078} = {BAC28FF7-E571-4CE4-A055-5A67B16809C7}
		{CA2D99CB-C00B-44B2-90B9-BDBC3079D80C} = {BAC28FF7-E571-4CE4-A055-5A67B16809C7}
	EndGlobalSection
	GlobalSection(ExtensibilityGlobals) = postSolution
		SolutionGuid = {6AD1408F-BCB3-47A8-AC39-7D82441B6FC1}
	EndGlobalSection
EndGlobal
